
Microsoft Visual Studio Solution File, Format Version 12.00
# Visual Studio Version 16
VisualStudioVersion = 16.0.30204.135
MinimumVisualStudioVersion = 10.0.40219.1
Project("{FAE04EC0-301F-11D3-BF4B-00C04F79EFBC}") = "PInvokeBugInDotNetCore32Bit", "PInvokeBugInDotNetCore32Bit.csproj", "{6677EADB-7A5E-428C-BA15-A475CEA9626F}"
EndProject
Project("{8BC9CEB8-8B4A-11D0-8D11-00A0C91BC942}") = "NativeDll", "NativeDll\NativeDll.vcxproj", "{E3A501F7-EC9C-4409-B897-36A7F08E9C92}"
EndProject
Global
	GlobalSection(SolutionConfigurationPlatforms) = preSolution
		Debug|x64 = Debug|x64
		Debug|x86 = Debug|x86
		Release|x64 = Release|x64
		Release|x86 = Release|x86
	EndGlobalSection
	GlobalSection(ProjectConfigurationPlatforms) = postSolution
		{6677EADB-7A5E-428C-BA15-A475CEA9626F}.Debug|x64.ActiveCfg = Debug|x64
		{6677EADB-7A5E-428C-BA15-A475CEA9626F}.Debug|x64.Build.0 = Debug|x64
		{6677EADB-7A5E-428C-BA15-A475CEA9626F}.Debug|x86.ActiveCfg = Debug|x86
		{6677EADB-7A5E-428C-BA15-A475CEA9626F}.Debug|x86.Build.0 = Debug|x86
		{6677EADB-7A5E-428C-BA15-A475CEA9626F}.Release|x64.ActiveCfg = Release|x64
		{6677EADB-7A5E-428C-BA15-A475CEA9626F}.Release|x64.Build.0 = Release|x64
		{6677EADB-7A5E-428C-BA15-A475CEA9626F}.Release|x86.ActiveCfg = Release|x86
		{6677EADB-7A5E-428C-BA15-A475CEA9626F}.Release|x86.Build.0 = Release|x86
		{E3A501F7-EC9C-4409-B897-36A7F08E9C92}.Debug|x64.ActiveCfg = Debug|x64
		{E3A501F7-EC9C-4409-B897-36A7F08E9C92}.Debug|x64.Build.0 = Debug|x64
		{E3A501F7-EC9C-4409-B897-36A7F08E9C92}.Debug|x86.ActiveCfg = Debug|Win32
		{E3A501F7-EC9C-4409-B897-36A7F08E9C92}.Debug|x86.Build.0 = Debug|Win32
		{E3A501F7-EC9C-4409-B897-36A7F08E9C92}.Release|x64.ActiveCfg = Release|x64
		{E3A501F7-EC9C-4409-B897-36A7F08E9C92}.Release|x64.Build.0 = Release|x64
		{E3A501F7-EC9C-4409-B897-36A7F08E9C92}.Release|x86.ActiveCfg = Release|Win32
		{E3A501F7-EC9C-4409-B897-36A7F08E9C92}.Release|x86.Build.0 = Release|Win32
	EndGlobalSection
	GlobalSection(SolutionProperties) = preSolution
		HideSolutionNode = FALSE
	EndGlobalSection
	GlobalSection(ExtensibilityGlobals) = postSolution
		SolutionGuid = {78BAF4A0-4F5D-48F0-97BE-36ACE7F32E80}
	EndGlobalSection
EndGlobal
